version = 1
revision = 3
requires-python = ">=3.12"

[[package]]
name = "colorama"
version = "0.4.6"
source = { registry = "https://pypi.org/simple" }
sdist = { url = "https://files.pythonhosted.org/packages/d8/53/6f443c9a4a8358a93a6792e2acffb9d9d5cb0a5cfd8802644b7b1c9a02e4/colorama-0.4.6.tar.gz", hash = "sha256:08695f5cb7ed6e0531a20572697297273c47b8cae5a63ffc6d6ed5c201be6e44", size = 27697, upload-time = "2022-10-25T02:36:22.414Z" }
wheels = [
    { url = "https://files.pythonhosted.org/packages/d1/d6/3965ed04c63042e047cb6a3e6ed1a63a35087b6a609aa3a15ed8ac56c221/colorama-0.4.6-py2.py3-none-any.whl", hash = "sha256:4f1d9991f5acc0ca119f9d443620b77f9d6b33703e51011c16baf57afb285fc6", size = 25335, upload-time = "2022-10-25T02:36:20.889Z" },
]

[[package]]
name = "harness-bench"
version = "0.1.0"
source = { editable = "." }
dependencies = [
    { name = "pyyaml" },
    { name = "rich" },
]

[package.dev-dependencies]
dev = [
    { name = "hypothesis" },
    { name = "pytest" },
]

[package.metadata]
requires-dist = [
    { name = "pyyaml", specifier = ">=6.0" },
    { name = "rich", specifier = ">=13.0" },
]

[package.metadata.requires-dev]
dev = [
    { name = "hypothesis", specifier = ">=6.100" },
    { name = "pytest", specifier = ">=8.0" },
]

[[package]]
name = "hypothesis"
version = "6.168.1"
source = { registry = "https://pypi.org/simple" }
dependencies = [
    { name = "sortedcontainers" },
]
sdist = { url = "https://files.pythonhosted.org/packages/aa/31/b54cd138ee36a32d0047d40fe7bdcb63cefd57ce098a26024161332d15fd/hypothesis-6.168.1.tar.gz", hash = "sha256:fd8acb5c67f260dfbdcc1b2dc95ff48b2b3f90708ae595c76f591bbf3f6f8eeb", size = 510823, upload-time = "2026-09-23T04:36:04.09Z" }
wheels = [
    { url = "https://files.pythonhosted.org/packages/48/95/3091b9ad24baa9666d49feea433a8c4060ad47245f0d529d736af3672ddd/hypothesis-6.168.1-cp310-abi3-macosx_10_12_x86_64.whl", hash = "sha256:5d9cc2d2a4779c92788389564fc6760df7c2909185f6431378133dea6933194f", size = 791345, upload-time = "2026-09-23T04:35:39.379Z" },
    { url = "https://files.pythonhosted.org/packages/c5/b3/b954ffa69f91d111f801030c28d6721f422222af245a846571fc87874242/hypothesis-6.168.1-cp310-abi3-macosx_11_0_arm64.whl", hash = "sha256:d0e1ec15d32af11da6784d2506de0c901e4c1abf97a3cdcfc144225457783f4e", size = 787104, upload-time = "2026-09-23T04:35:21.799Z" },
    { url = "https://files.pythonhosted.org/packages/e5/dc/732df08f570d845a480d3729bfb46beccc441bfabe2804bb3a458649be73/hypothesis-6.168.1-cp310-abi3-manylinux_2_17_aarch64.manylinux2014_aarch64.whl", hash = "sha256:4cc38519a57c4b919b2c59714a67501d20b46b0c96a0078cbdc9f86e728efce3", size = 1123848, upload-time = "2026-09-23T04:33:48.857Z" },
    { url = "https://files.pythonhosted.org/packages/88/06/e1e937df42243267ba25ede5e9b29921186f290f6c0515729481cc41726e/hypothesis-6.168.1-cp310-abi3-manylinux_2_17_armv7l.manylinux2014_armv7l.whl", hash = "sha256:7e229e937e761830c7fa6437fb12cb801616a1737af0898abf5edba57d2ad691", size = 1147698, upload-time = "2026-09-23T04:35:33.439Z" },
    { url = "https://files.pythonhosted.org/packages/be/d1/3b41c008dc2a49e43bc4893dcd27ea9d9fef64fef50382ca5f7107680b1f/hypothesis-6.168.1-cp310-abi3-manylinux_2_17_ppc64le.manylinux2014_ppc64le.whl", hash = "sha256:569ba21e5543840895d17633cc6716a9578ac83b1193a2978b3f24cc16b93085", size = 1149280, upload-time = "2026-09-23T04:35:45.514Z" },
    { url = "https://files.pythonhosted.org/packages/71/ea/d54781058fe6a487b81ec6c636f3806fff6a417b48cf3fcd2b003d80f3ce/hypothesis-6.168.1-cp310-abi3-manylinux_2_17_s390x.manylinux2014_s390x.whl", hash = "sha256:0a232665716607c3c50c9a3aeeac5929be1d4e58703f5e7cb51db7099445a8c6", size = 1191693, upload-time = "2026-09-23T04:35:57.896Z" },
    { url = "https://files.pythonhosted.org/packages/4f/f2/43bdd07450978611d25989ffdcbe1579acd46c1500a484f8838359fe7880/hypothesis-6.168.1-cp310-abi3-manylinux_2_17_x86_64.manylinux2014_x86_64.whl", hash = "sha256:9022fe330d8839259da9b496573c4b83ea248bf32029eba23ff589f3c25754bf", size = 1169725, upload-time = "2026-09-23T04:34:32.59Z" },
    { url = "https://files.pythonhosted.org/packages/d1/72/fd4b657cba66940f208bc0eccaceaa777553009d26e86068ff3ab5e55b0b/hypothesis-6.168.1-cp310-abi3-manylinux_2_31_riscv64.whl", hash = "sha256:69be660b831d55ab35619b30abd311a6cb8cd0068a1192210d194a776b211094", size = 1129181, upload-time = "2026-09-23T04:35:27.495Z" },
    { url = "https://files.pythonhosted.org/packages/d6/3f/516a29d7a2bd31e28972de635350eab086c94faa07afcdd3ad0f06e70db8/hypothesis-6.168.1-cp310-abi3-manylinux_2_5_i686.manylinux1_i686.whl", hash = "sha256:42e2cccca80ee4ffe8f66edf5b2adb2a16b8cd3c5110b3a774d70f2fc75a42aa", size = 1160162, upload-time = "2026-09-23T04:35:29.333Z" },
    { url = "https://files.pythonhosted.org/packages/54/09/e2c7e32f281b31d4c19cc2fa935bfdde5b31ad4848a485e5ebb8de2389da/hypothesis-6.168.1-cp310-abi3-musllinux_1_2_aarch64.whl", hash = "sha256:11cbd2a2539194f0960de4ed9f980882e3a3f55c476afcc6f4cc342eec5a07d2", size = 1299714, upload-time = "2026-09-23T04:35:12.529Z" },
    { url = "https://files.pythonhosted.org/packages/ba/bc/85850bdb1fc35d0fa9e299ca3b2e354f403959666c7ef4d0bfda9c308eee/hypothesis-6.168.1-cp310-abi3-musllinux_1_2_armv7l.whl", hash = "sha256:aa1620111616c660a1db03347b1790b5914ef30f86c6e8ddd6c765785291f0b4", size = 1425335, upload-time = "2026-09-23T04:35:23.557Z" },
    { url = "https://files.pythonhosted.org/packages/40/c0/66bdb24f32d32aa5636655b6037af07962118b89fae16ee74bc9a1bb982e/hypothesis-6.168.1-cp310-abi3-musllinux_1_2_i686.whl", hash = "sha256:a07c8665c95bb856f99ecd60b6f50d94dcf8157415387c32dcd5bb5b5061d032", size = 1376916, upload-time = "2026-09-23T04:34:59.742Z" },
    { url = "https://files.pythonhosted.org/packages/31/f0/7ad0b17bda81c473cbc539009148f3e0950880c4618028691bcf62eeb8d2/hypothesis-6.168.1-cp310-abi3-musllinux_1_2_ppc64le.whl", hash = "sha256:8a50b6335d5fa2312dd9f5d50faeb953e61475b301d2c073cd7a4c5efd7e6171", size = 1280975, upload-time = "2026-09-23T04:34:21.966Z" },
    { url = "https://files.pythonhosted.org/packages/e2/01/8d04d1eecf03a6097e26400e8393eff7a81fd52c877a664ee4e97adf7880/hypothesis-6.168.1-cp310-abi3-musllinux_1_2_riscv64.whl", hash = "sha256:4ccb0276db8ad197a63dff25c4868e11123346347df6900625d2b1f794ce7c19", size = 1300238, upload-time = "2026-09-23T04:34:52.825Z" },
    { url = "https://files.pythonhosted.org/packages/f5/74/eda0c70b3845789c713fe2ac72d3d4586da83f38a34f1f7aefbda0b5b01e/hypothesis-6.168.1-cp310-abi3-musllinux_1_2_x86_64.whl", hash = "sha256:85ca7788574e06d0591d51e19ecbb1d09bc82d50c6eae5de0fe8317590b1e138", size = 1336088, upload-time = "2026-09-23T04:33:42.002Z" },
    { url = "https://files.pythonhosted.org/packages/80/c9/43d8528e6d43eebb7688d36e530d1fc7763809b8f923b62cc8b4d95f99ff/hypothesis-6.168.1-cp310-abi3-win32.whl", hash = "sha256:77378e04aa47a22a615af80f42970dc44782f02b8a82ac105b619a2cc7f5eee2", size = 678004, upload-time = "2026-09-23T04:34:29.564Z" },
    { url = "https://files.pythonhosted.org/packages/8c/8b/f7d4de5b57972f7f68a6c7fb5698f60425589eae6fcb175f285f2525e8c0/hypothesis-6.168.1-cp310-abi3-win_amd64.whl", hash = "sha256:f94d3dbc31112f8fbcb3af19a662ee5e90e380e6ae676357903caa14a1604763", size = 684722, upload-time = "2026-09-23T04:34:41.279Z" },
    { url = "https://files.pythonhosted.org/packages/a5/fd/528eb221a82da0aa477e34c7af6ed2b4a5109b326638d4418b9e49435e96/hypothesis-6.168.1-cp310-abi3-win_arm64.whl", hash = "sha256:9bd7e8c6e2c3f6a5befee6b03ebd2170da2e50658075c6decad184777c72a726", size = 682711, upload-time = "2026-09-23T04:33:46.085Z" },
    { url = "https://files.pythonhosted.org/packages/7e/6f/9d5ae55d81e10f0fc46868c19ab9d468e9959e82ff8cc8c26990b16114f3/hypothesis-6.168.1-cp312-cp312-macosx_10_12_x86_64.whl", hash = "sha256:dfe14a88b1ed03ce47333d800cc37949da73feb0cd9767e7ef076d2202768928", size = 793124, upload-time = "2026-09-23T04:33:52.589Z" },
    { url = "https://files.pythonhosted.org/packages/14/11/54c19d259d7f92176aa2199c90f7951e4e396a26898a596dc875ccb9c389/hypothesis-6.168.1-cp312-cp312-macosx_11_0_arm64.whl", hash = "sha256:8acd000c3bf233cdcd28c1ff03f1bf56cb03821b1c742d00d57978b20fc6e6f8", size = 784674, upload-time = "2026-09-23T04:34:38.137Z" },
    { url = "https://files.pythonhosted.org/packages/5f/ae/f80a9810f88bd654ab0d0ed0652c274e4c0384e22d4f9442b6753b9200a6/hypothesis-6.168.1-cp312-cp312-manylinux_2_17_aarch64.manylinux2014_aarch64.whl", hash = "sha256:29280d4743546ddcf74644f9acdc5726972cba9182699a86b7e77f3f8f6e5dde", size = 1122860, upload-time = "2026-09-23T04:33:51.375Z" },
    { url = "https://files.pythonhosted.org/packages/f4/5d/aa5b7ffd57ec475a9252c55985c07a366823c3f85267d44648e94c1ec321/hypothesis-6.168.1-cp312-cp312-manylinux_2_17_x86_64.manylinux2014_x86_64.whl", hash = "sha256:bd9a488d46b8c7da3103058c7569376a3a08994aee9a7d6f1d160d3d3b49b82d", size = 1168922, upload-time = "2026-09-23T04:34:44.567Z" },
    { url = "https://files.pythonhosted.org/packages/65/10/4862448192d4c9cc61a3b8a620730800f56b1e83b0bfda63dbc728526eb3/hypothesis-6.168.1-cp312-cp312-musllinux_1_2_aarch64.whl", hash = "sha256:451ee6c42955887a9e1850c53813e31182eab1663e4d3dacea4e535dedc45b5d", size = 1298568, upload-time = "2026-09-23T04:35:31.191Z" },
    { url = "https://files.pythonhosted.org/packages/15/ad/55e73fda9afbfcf3336b2eee564833bc9a4fee1f7a32fe5f9d183742da39/hypothesis-6.168.1-cp312-cp312-musllinux_1_2_x86_64.whl", hash = "sha256:bc2c036f4a9534af64977e38b2976295136f83417fdb95bed816a52cc3023497", size = 1335091, upload-time = "2026-09-23T04:34:23.42Z" },
    { url = "https://files.pythonhosted.org/packages/ef/99/b6340fa21a89b0088ed023fe984109e1c47a07dfd741fd6d8e17a9e2795f/hypothesis-6.168.1-cp312-cp312-win_amd64.whl", hash = "sha256:d603d7c96d030a63701b6ad9bff0bc4870e4c226335b3db509f1eed1f7fc061b", size = 682011, upload-time = "2026-09-23T04:34:34.565Z" },
    { url = "https://files.pythonhosted.org/packages/f5/23/093b9dc768e89d2cec74d29115f4004fe1be64218bac65f8d817d727d30b/hypothesis-6.168.1-cp313-cp313-macosx_10_12_x86_64.whl", hash = "sha256:aebf7e9d7ba9f920e154abc65851d4affab497daeaea285474bed93840a983ea", size = 793062, upload-time = "2026-09-23T04:33:58.177Z" },
    { url = "https://files.pythonhosted.org/packages/df/d7/f191686b44b3f892ae1404e238a55260152a645a2deafe8b2949c7e90fe9/hypothesis-6.168.1-cp313-cp313-macosx_11_0_arm64.whl", hash = "sha256:b26616604cac458dd83e75900fefd9190f1074e67d5d9dc4d9e321d30f295eca", size = 784518, upload-time = "2026-09-23T04:34:02.012Z" },
    { url = "https://files.pythonhosted.org/packages/10/25/b7a5dca1911c9012a564d0b7aaeb44e393ade9424a695dea179ff32d79fe/hypothesis-6.168.1-cp313-cp313-manylinux_2_17_aarch64.manylinux2014_aarch64.whl", hash = "sha256:cb6d89cff2edcd45e5af957c7b6a71ae7887419561f7b9c7055e1c50dea41017", size = 1122844, upload-time = "2026-09-23T04:35:06.897Z" },
    { url = "https://files.pythonhosted.org/packages/ea/60/ddacd0d244e6719ea9a9d322d4d4b6b054fd27ada94ec7aa7dce7ef11297/hypothesis-6.168.1-cp313-cp313-manylinux_2_17_x86_64.manylinux2014_x86_64.whl", hash = "sha256:2a4ce6310ec21000446ae75cdc6667b81d4ee0f2d226a0dfaf8baca42dd151d0", size = 1168779, upload-time = "2026-09-23T04:33:56.885Z" },
    { url = "https://files.pythonhosted.org/packages/dc/07/343bab6676a41f38cb7c5912ab3ca059258bf40e41c181d1b77cc7251801/hypothesis-6.168.1-cp313-cp313-musllinux_1_2_aarch64.whl", hash = "sha256:a22c6e730c327d22a4d61b53f66639cdf6f0fe4a5a1b3595c36533e5b8127169", size = 1298434, upload-time = "2026-09-23T04:34:48.576Z" },
    { url = "https://files.pythonhosted.org/packages/7d/bd/4b72fafa5f46a455024a9242b62505b1a53fad95ace162e831c4ffb233b9/hypothesis-6.168.1-cp313-cp313-musllinux_1_2_x86_64.whl", hash = "sha256:dcd66493fe180d38641b02dd0456cc1e429655f8940dd1396ab874808f16dd34", size = 1334975, upload-time = "2026-09-23T04:35:01.531Z" },
    { url = "https://files.pythonhosted.org/packages/3f/ae/48643915cda400ca2dccb9bcdc363690b13bcd5c179172bc6450c3d76ce8/hypothesis-6.168.1-cp313-cp313-win_amd64.whl", hash = "sha256:a8a96f2e9fa2a57f95865aaf092943775e7ea96f72535371b2be20fe5464298c", size = 681978, upload-time = "2026-09-23T04:36:00.056Z" },
    { url = "https://files.pythonhosted.org/packages/0c/0e/e6999cddbaef975ecc1b0a7e9028a3d1a1014b542fa003889d0cb3870fa9/hypothesis-6.168.1-cp314-cp314-macosx_10_12_x86_64.whl", hash = "sha256:35b6582ecc22ed682ea39bbf972f8b8b1798043a3bc624ae1dce02d42fcf3ad4", size = 793097, upload-time = "2026-09-23T04:35:03.374Z" },
    { url = "https://files.pythonhosted.org/packages/d5/f3/2ff6bf4bf43ab12641b163bd8fea4b6cddc9a0f07499c4779519099034c9/hypothesis-6.168.1-cp314-cp314-macosx_11_0_arm64.whl", hash = "sha256:48e467c73b7fb46bc072323c5d67e8e683cf32218fbba47c4e6ee0fe0d72687f", size = 784662, upload-time = "2026-09-23T04:35:08.976Z" },
    { url = "https://files.pythonhosted.org/packages/10/3a/b3653de877981cdab6861476c3b68d02b7c682c2875557cff7b92dbde068/hypothesis-6.168.1-cp314-cp314-manylinux_2_17_aarch64.manylinux2014_aarch64.whl", hash = "sha256:9c82fcc3dece367bd43f3eca5c2746cf60b73f61bba071ef9421d4cfd6188a85", size = 1123106, upload-time = "2026-09-23T04:34:26.476Z" },
    { url = "https://files.pythonhosted.org/packages/49/25/24c725cb94c8953a98d8bdec83971f76c8f4b103070df1fdacd8b7f37253/hypothesis-6.168.1-cp314-cp314-manylinux_2_17_x86_64.manylinux2014_x86_64.whl", hash = "sha256:36031c8f8fd4bec7185cf70ed080ba54d45c106cf4f575bc8c2482c01f5f9b21", size = 1168942, upload-time = "2026-09-23T04:35:41.237Z" },
    { url = "https://files.pythonhosted.org/packages/1d/e4/cbe45b9e78e4dd9c18ed2328ff95f659f59235b04ae3c73cf7e9c498adc9/hypothesis-6.168.1-cp314-cp314-musllinux_1_2_aarch64.whl", hash = "sha256:ddfe21791579fdc90423973c733578efa23b010cbfb685dcd5201cf7b0a928b6", size = 1298937, upload-time = "2026-09-23T04:33:50.181Z" },
    { url = "https://files.pythonhosted.org/packages/93/e9/cacaa3f58ee6eb98ce29a2182483d57686011bba35c8fb8a9bc8bf981c7f/hypothesis-6.168.1-cp314-cp314-musllinux_1_2_x86_64.whl", hash = "sha256:ecf86b1c9c8700f6d45324becbbe25dd581c69dc03e1357a64f4bf9a1afe823f", size = 1335198, upload-time = "2026-09-23T04:36:02.021Z" },
    { url = "https://files.pythonhosted.org/packages/31/d8/ca51626959f59a557656cf8024d9afda4d213257c170412fa3193d11e11f/hypothesis-6.168.1-cp314-cp314-pyemscripten_2026_0_wasm32.whl", hash = "sha256:d5ab336a7dd233858bc3066a69479e295da788cef345d7e4efd7b77dad724db0", size = 624105, upload-time = "2026-09-23T04:34:08.466Z" },
    { url = "https://files.pythonhosted.org/packages/83/61/6ce96e7d58fc7a592ad7c84d8c7cf9ea36db51468b30ac8306bbf4c3e6ba/hypothesis-6.168.1-cp314-cp314-win_amd64.whl", hash = "sha256:63244ba76464202d3d24126d2e4c2c1abf36db60fffe16ebaa93292572c2a42a", size = 681859, upload-time = "2026-09-23T04:34:50.801Z" },
    { url = "https://files.pythonhosted.org/packages/ff/b1/6c7345e2b37ea8a1df2520a0ecfbdc0243a897895ff950309ca7f687429a/hypothesis-6.168.1-cp314-cp314t-macosx_10_12_x86_64.whl", hash = "sha256:6cec76c8cf76738ad4c0c0c5d6e4632a32d74748639ea6ce26fa672490d9bf95", size = 791685, upload-time = "2026-09-23T04:33:54.243Z" },
    { url = "https://files.pythonhosted.org/packages/72/8c/4f6cfafde4b31add263d6a562f615939cd49649e87a3695ac8693506c811/hypothesis-6.168.1-cp314-cp314t-macosx_11_0_arm64.whl", hash = "sha256:9da10ba2dbbcaba93c6a11eb394fd1a0cfee6e2ba21345c3d6f2fc7401d80670", size = 783237, upload-time = "2026-09-23T04:34:25.049Z" },
    { url = "https://files.pythonhosted.org/packages/a0/25/646c301a9d1fe3825a2ff8362594c4aee0ceb2ce192f49469f7f2824a742/hypothesis-6.168.1-cp314-cp314t-manylinux_2_17_aarch64.manylinux2014_aarch64.whl", hash = "sha256:3218c6d18a041c0eba0cccd88b20d74be24687e42a73338abd0a31ec5294c265", size = 1121414, upload-time = "2026-09-23T04:34:09.876Z" },
    { url = "https://files.pythonhosted.org/packages/27/4f/f84ec8434ef765e6a5c4f9942bbb7652be444b23b9ff868da43e96e61e86/hypothesis-6.168.1-cp314-cp314t-manylinux_2_17_x86_64.manylinux2014_x86_64.whl", hash = "sha256:760cad0526a84122bbe2a0157217e16d76d649d333422142853c7f1ba43ca44d", size = 1167536, upload-time = "2026-09-23T04:33:55.443Z" },
    { url = "https://files.pythonhosted.org/packages/38/74/c53334d793b0c54054ffc781cdf79ccae6ee51daf347bd9cfa7e0015cece/hypothesis-6.168.1-cp314-cp314t-musllinux_1_2_aarch64.whl", hash = "sha256:50a60b57b485dff68b56f99e4506b7f1b52994f801ee1aaa4cb9125a90bf7834", size = 1297122, upload-time = "2026-09-23T04:34:17.235Z" },
    { url = "https://files.pythonhosted.org/packages/43/e7/b115a1faea6d40bddce6342da703b7536d803d2384fa50d277dc55170c64/hypothesis-6.168.1-cp314-cp314t-musllinux_1_2_x86_64.whl", hash = "sha256:68017d433ca5c558c34e3308a6653fc63077749af8bf86c10850cb6bb3cb559f", size = 1334055, upload-time = "2026-09-23T04:35:37.298Z" },
    { url = "https://files.pythonhosted.org/packages/1d/dd/f272620d304dd67ff7815509745e2fb8d2bf58e4e1da4b7842a83f1de2da/hypothesis-6.168.1-cp314-cp314t-win_amd64.whl", hash = "sha256:ff92099a0185ba14bf4bc2111299b456074596199148ae84590eee4d480fac2e", size = 681804, upload-time = "2026-09-23T04:35:35.374Z" },
    { url = "https://files.pythonhosted.org/packages/54/e9/45595951f8bc9bd03f032325e7b176ca990a0c86bf2e09d481e8ee5a5cab/hypothesis-6.168.1-cp315-abi3.abi3t-macosx_10_12_x86_64.whl", hash = "sha256:e9510e33467d586a7700d56b9a6ee65b44a06832c1cab3d270369d7c53381276", size = 791046, upload-time = "2026-09-23T04:35:55.724Z" },
    { url = "https://files.pythonhosted.org/packages/8d/3e/718431d0ab72c4c07454f71040b4de298a63e765f20088557dc1bef0a48b/hypothesis-6.168.1-cp315-abi3.abi3t-macosx_11_0_arm64.whl", hash = "sha256:99970e3a75f11dde0414d3d6724bd8b7a2bd1deeb9a509ec9236c91d41a5cff0", size = 782982, upload-time = "2026-09-23T04:34:06.017Z" },
    { url = "https://files.pythonhosted.org/packages/d7/05/c60db6df1456a70a3c589e42acaa446c22f56ed342c1b8dd04b8e49df8fd/hypothesis-6.168.1-cp315-abi3.abi3t-manylinux_2_17_aarch64.manylinux2014_aarch64.whl", hash = "sha256:a5ea78773de5bcc25266e37eb086472e90a85fc81b8d4a9ca8afc15858ee15fb", size = 1120961, upload-time = "2026-09-23T04:33:43.494Z" },
    { url = "https://files.pythonhosted.org/packages/8b/fe/d943250395750ecc3b4ec95b1ab3c8119f6cbad08c1ba9169ffee7d89049/hypothesis-6.168.1-cp315-abi3.abi3t-manylinux_2_17_armv7l.manylinux2014_armv7l.whl", hash = "sha256:13f502ce2423e46dfcd2af38950a86ecf97084d94e721f7f13dd5a70afb36e0a", size = 1143877, upload-time = "2026-09-23T04:34:56.065Z" },
    { url = "https://files.pythonhosted.org/packages/d3/9d/8c1f8e11f20fd81ce40caed7ad6d6a9776e24775070e87f3aa9ba3683272/hypothesis-6.168.1-cp315-abi3.abi3t-manylinux_2_17_ppc64le.manylinux2014_ppc64le.whl", hash = "sha256:69b4bcaa8b0e753fc8921011d5d10c8a7c3caf814c6a968bc140a08917973fdc", size = 1146503, upload-time = "2026-09-23T04:34:04.791Z" },
    { url = "https://files.pythonhosted.org/packages/71/d8/ac2e9fa653d2f05a13724837007e857d376d81fdf728543ab85f6c7f7350/hypothesis-6.168.1-cp315-abi3.abi3t-manylinux_2_17_s390x.manylinux2014_s390x.whl", hash = "sha256:7ed811908d38ca8e05c20ad25ecb61edc1e20a519667d4b668be49dd09e6bf3e", size = 1189216, upload-time = "2026-09-23T04:34:36.271Z" },
    { url = "https://files.pythonhosted.org/packages/2b/7b/640952448781c7df5098880e2e2d6e7702b3a1c0badd4c0ea5fca6d6ab53/hypothesis-6.168.1-cp315-abi3.abi3t-manylinux_2_17_x86_64.manylinux2014_x86_64.whl", hash = "sha256:9239c868418088d58ae18d041f9f424bd7a75dd143f209c35fde38770b65f74f", size = 1166919, upload-time = "2026-09-23T04:35:16.498Z" },
    { url = "https://files.pythonhosted.org/packages/b6/de/0d46b330a28f7614850fb1a0564cf88af7c0b29cbd791e9d04ade7f66f13/hypothesis-6.168.1-cp315-abi3.abi3t-manylinux_2_31_riscv64.whl", hash = "sha256:5cac279798ecc92d3301ec4421c0458e22627f8a79fdde8a6c98ab1d4b8811f6", size = 1126652, upload-time = "2026-09-23T04:35:49.432Z" },
    { url = "https://files.pythonhosted.org/packages/92/36/6adeca1724ed4966095406ffe7308fcff338cf9f5b7443d5ea34a01ab6e1/hypothesis-6.168.1-cp315-abi3.abi3t-manylinux_2_5_i686.manylinux1_i686.whl", hash = "sha256:6bc660dc14d633641e22e407417d35bf2925331273ed71bc6ab5536dfca5c72d", size = 1155687, upload-time = "2026-09-23T04:35:18.234Z" },
    { url = "https://files.pythonhosted.org/packages/bd/00/e9b7c7e4a0a75d1621be95a126999352e01a16d68b0a59b396695c7b4991/hypothesis-6.168.1-cp315-abi3.abi3t-musllinux_1_2_aarch64.whl", hash = "sha256:157a29e4d6bcb77ae732cb83d6546beef47265ecac88408fdd5d5b2bd325685d", size = 1296471, upload-time = "2026-09-23T04:34:12.763Z" },
    { url = "https://files.pythonhosted.org/packages/8f/d6/52cb320e9e07cc67f718506617b5900344370394e39f4affada317aab313/hypothesis-6.168.1-cp315-abi3.abi3t-musllinux_1_2_armv7l.whl", hash = "sha256:b125aac89594ee2a76687b724f057b2423ea83dfee6b8ff59f54289d6eef19a1", size = 1421838, upload-time = "2026-09-23T04:34:20.451Z" },
    { url = "https://files.pythonhosted.org/packages/9b/93/969c33a87cd2865beffebe491294b8115e7e7421c6840f79a67486535bfc/hypothesis-6.168.1-cp315-abi3.abi3t-musllinux_1_2_i686.whl", hash = "sha256:4b960c9d31b85dbc6a25888897c02bbea5f498844932841612925184fc78d9eb", size = 1373994, upload-time = "2026-09-23T04:34:00.608Z" },
    { url = "https://files.pythonhosted.org/packages/34/c9/5fe4ade4bd23baa2e4cd27668bb8ac10e840ce19fbcfc74116ea529cbaa7/hypothesis-6.168.1-cp315-abi3.abi3t-musllinux_1_2_ppc64le.whl", hash = "sha256:d4d76f35874471fe9b8e1bb696fb532363ef3d9588161a06d30520f638f15a39", size = 1278216, upload-time = "2026-09-23T04:34:07.253Z" },
    { url = "https://files.pythonhosted.org/packages/a1/17/30b9a1ad975e90700dea74ce8b08ab07b9e58c4d83918422bc8841942c1e/hypothesis-6.168.1-cp315-abi3.abi3t-musllinux_1_2_riscv64.whl", hash = "sha256:d5147c5f7497d109eed0267c498adaf5cad6e4beeaca6fad6057f2007bae70a7", size = 1297647, upload-time = "2026-09-23T04:35:51.491Z" },
    { url = "https://files.pythonhosted.org/packages/e0/2f/233a9d5adafad6e187ab8f4d9275592cf120b56e63ea1cfb02213c01021e/hypothesis-6.168.1-cp315-abi3.abi3t-musllinux_1_2_x86_64.whl", hash = "sha256:a909f89758e184c4f86418598de297a2ced5b922979c0f98c5d73ff6bafe38e5", size = 1333790, upload-time = "2026-09-23T04:34:42.828Z" },
    { url = "https://files.pythonhosted.org/packages/10/d7/4c9d4d597f70316d781cd99b600adae090a6f5d675487196e10510a23afe/hypothesis-6.168.1-cp315-abi3.abi3t-win32.whl", hash = "sha256:66b9fb6f02840f8ffa2a4e6359aff6ecc1b2c6630c8a2066771044fa22956c7a", size = 675206, upload-time = "2026-09-23T04:35:14.592Z" },
    { url = "https://files.pythonhosted.org/packages/b4/a8/f9fc0c0dbb9e80238fc7145cb4ce52e0897ea417a23217022911855bccda/hypothesis-6.168.1-cp315-abi3.abi3t-win_amd64.whl", hash = "sha256:9246eaa80044c33a182be661cbed7e6a7314c61359ef501ea9e9efd90d50ca3b", size = 681503, upload-time = "2026-09-23T04:34:11.223Z" },
    { url = "https://files.pythonhosted.org/packages/11/b4/962ae350c10860be37c9abf98c0ef1ef23e4baca3ee7ad77208941e370e5/hypothesis-6.168.1-cp315-abi3.abi3t-win_arm64.whl", hash = "sha256:52e0c804cbf697d4760400c84444a91cbd5dfe7ae0ef1bb3228f74fb5547eb9e", size = 679199, upload-time = "2026-09-23T04:34:03.472Z" },
]

[[package]]
name = "iniconfig"
version = "2.3.0"
source = { registry = "https://pypi.org/simple" }
sdist = { url = "https://files.pythonhosted.org/packages/72/34/14ca021ce8e5dfedc35312d08ba8bf51fdd999c576889fc2c24cb97f4f10/iniconfig-2.3.0.tar.gz", hash = "sha256:c76315c77db068650d49c5b56314774a7804df16fee4402c1f19d6d15d8c4730", size = 20503, upload-time = "2025-10-18T21:55:43.219Z" }
wheels = [
    { url = "https://files.pythonhosted.org/packages/cb/b1/3846dd7f199d53cb17f49cba7e651e9ce294d8497c8c150530ed11865bb8/iniconfig-2.3.0-py3-none-any.whl", hash = "sha256:f631c04d2c48c52b84d0d0549c99ff3859c98df65b3101406327ecc7d53fbf12", size = 7484, upload-time = "2025-10-18T21:55:41.639Z" },
]

[[package]]
name = "markdown-it-py"
version = "4.2.0"
source = { registry = "https://pypi.org/simple" }
dependencies = [
    { name = "mdurl" },
]
sdist = { url = "https://files.pythonhosted.org/packages/06/ff/7841249c247aa650a76b9ee4bbaeae59370dc8bfd2f6c01f3630c35eb134/markdown_it_py-4.2.0.tar.gz", hash = "sha256:04a21681d6fbb623de53f6f364d352309d4094dd4194040a10fd51833e418d49", size = 82454, upload-time = "2026-05-07T12:08:28.36Z" }
wheels = [
    { url = "https://files.pythonhosted.org/packages/b3/81/4da04ced5a082363ecfa159c010d200ecbd959ae410c10c0264a38cac0f5/markdown_it_py-4.2.0-py3-none-any.whl", hash = "sha256:9f7ebbcd14fe59494226453aed97c1070d83f8d24b6fc3a3bcf9a38092641c4a", size = 91687, upload-time = "2026-05-07T12:08:27.182Z" },
]

[[package]]
name = "mdurl"
version = "0.1.2"
source = { registry = "https://pypi.org/simple" }
sdist = { url = "https://files.pythonhosted.org/packages/d6/54/cfe61301667036ec958cb99bd3efefba235e65cdeb9c84d24a8293ba1d90/mdurl-0.1.2.tar.gz", hash = "sha256:bb413d29f5eea38f31dd4754dd7377d4465116fb207585f97bf925588687c1ba", size = 8729, upload-time = "2022-08-14T12:40:10.846Z" }
wheels = [
    { url = "https://files.pythonhosted.org/packages/b3/38/89ba8ad64ae25be8de66a6d463314cf1eb366222074cfda9ee839c56a4b4/mdurl-0.1.2-py3-none-any.whl", hash = "sha256:84008a41e51615a49fc9966191ff91509e3c40b939176e643fd50a5c2196b8f8", size = 9979, upload-time = "2022-08-14T12:40:09.779Z" },
]

[[package]]
name = "packaging"
version = "26.3"
source = { registry = "https://pypi.org/simple" }
sdist = { url = "https://files.pythonhosted.org/packages/7d/fa/3944b40b07da9ce895c0e6303a5ab7d53da063554f534556b134a54d6093/packaging-26.3.tar.gz", hash = "sha256:94edc256424af38762eb31306eed28beb9f0efc50a8837492c9d6fd6004aed79", size = 313412, upload-time = "2026-08-04T18:15:28.737Z" }
wheels = [
    { url = "https://files.pythonhosted.org/packages/63/34/ba1c580383c9eada3711951fef0795c80b829a078d72188184bcab9dd527/packaging-26.3-py3-none-any.whl", hash = "sha256:d7193f7c8e4e93f444fde0262bf90af30e16fa0ad0ad44cb553c87339b23cd1c", size = 129956, upload-time = "2026-08-04T18:15:27.159Z" },
]

[[package]]
name = "pluggy"
version = "1.6.0"
source = { registry = "https://pypi.org/simple" }
sdist = { url = "https://files.pythonhosted.org/packages/f9/e2/3e91f31a7d2b083fe6ef3fa267035b518369d9511ffab804f839851d2779/pluggy-1.6.0.tar.gz", hash = "sha256:7dcc130b76258d33b90f61b658791dede3486c3e6bfb003ee5c9bfb396dd22f3", size = 69412, upload-time = "2025-05-15T12:30:07.975Z" }
wheels = [
    { url = "https://files.pythonhosted.org/packages/54/20/4d324d65cc6d9205fabedc306948156824eb9f0ee1633355a8f7ec5c66bf/pluggy-1.6.0-py3-none-any.whl", hash = "sha256:e920276dd6813095e9377c0bc5566d94c932c33b27a3e3945d8389c374dd4746", size = 20538, upload-time = "2025-05-15T12:30:06.134Z" },
]

[[package]]
name = "pygments"
version = "2.21.0"
source = { registry = "https://pypi.org/simple" }
sdist = { url = "https://files.pythonhosted.org/packages/49/2e/ced460408999b33da6b31b0021b0f37d329e202d4169aeb164493778f25b/pygments-2.21.0.tar.gz", hash = "sha256:610ca751c9bc2492b38eb9a38a7fbc93edbbb2d7182edaf34e66ae493dee5c8c", size = 5005329, upload-time = "2026-08-17T08:02:48.824Z" }
wheels = [
    { url = "https://files.pythonhosted.org/packages/71/46/17f022dd3e953bf20a04a028a21ec746d942f8d2af30fa0f124fa0e6a684/pygments-2.21.0-py3-none-any.whl", hash = "sha256:2363c69b61c4a97c838da3b130dcd6468f4848992b21a82f2a63ec34377137d9", size = 1250147, upload-time = "2026-08-17T08:02:44.912Z" },
]

[[package]]
name = "pytest"
version = "9.1.1"
source = { registry = "https://pypi.org/simple" }
dependencies = [
    { name = "colorama", marker = "sys_platform == 'win32'" },
    { name = "iniconfig" },
    { name = "packaging" },
    { name = "pluggy" },
    { name = "pygments" },
]
sdist = { url = "https://files.pythonhosted.org/packages/e4/47/b9efed96c114afcfa3c9d3fe98a76a1d14c74a9e266d397cf6eb64be5e01/pytest-9.1.1.tar.gz", hash = "sha256:1088fbde8f2b49d95a549a195707afa7a76a3ce9bcadc26b6d71f0ffda5fe313", size = 1636369, upload-time = "2026-06-19T10:58:32.857Z" }
wheels = [
    { url = "https://files.pythonhosted.org/packages/24/25/1de2678b631f5a49215c6c96fff41ba892b0a34df68d6d80292b1b48aa7f/pytest-9.1.1-py3-none-any.whl", hash = "sha256:37a86b45efb9a47a61a36449063e8e18d0cab3161329fc099eb21783169c4f0c", size = 386536, upload-time = "2026-06-19T10:58:31.347Z" },
]

[[package]]
name = "pyyaml"
version = "6.0.3"
source = { registry = "https://pypi.org/simple" }
sdist = { url = "https://files.pythonhosted.org/packages/05/8e/961c0007c59b8dd7729d542c61a4d537767a59645b82a0b521206e1e25c2/pyyaml-6.0.3.tar.gz", hash = "sha256:d76623373421df22fb4cf8817020cbb7ef15c725b9d5e45f17e189bfc384190f", size = 130960, upload-time = "2025-09-25T21:33:16.546Z" }
wheels = [
    { url = "https://files.pythonhosted.org/packages/d1/33/422b98d2195232ca1826284a76852ad5a86fe23e31b009c9886b2d0fb8b2/pyyaml-6.0.3-cp312-cp312-macosx_10_13_x86_64.whl", hash = "sha256:7f047e29dcae44602496db43be01ad42fc6f1cc0d8cd6c83d342306c32270196", size = 182063, upload-time = "2025-09-25T21:32:11.445Z" },
    { url = "https://files.pythonhosted.org/packages/89/a0/6cf41a19a1f2f3feab0e9c0b74134aa2ce6849093d5517a0c550fe37a648/pyyaml-6.0.3-cp312-cp312-macosx_11_0_arm64.whl", hash = "sha256:fc09d0aa354569bc501d4e787133afc08552722d3ab34836a80547331bb5d4a0", size = 173973, upload-time = "2025-09-25T21:32:12.492Z" },
    { url = "https://files.pythonhosted.org/packages/ed/23/7a778b6bd0b9a8039df8b1b1d80e2e2ad78aa04171592c8a5c43a56a6af4/pyyaml-6.0.3-cp312-cp312-manylinux2014_aarch64.manylinux_2_17_aarch64.manylinux_2_28_aarch64.whl", hash = "sha256:9149cad251584d5fb4981be1ecde53a1ca46c891a79788c0df828d2f166bda28", size = 775116, upload-time = "2025-09-25T21:32:13.652Z" },
    { url = "https://files.pythonhosted.org/packages/65/30/d7353c338e12baef4ecc1b09e877c1970bd3382789c159b4f89d6a70dc09/pyyaml-6.0.3-cp312-cp312-manylinux2014_s390x.manylinux_2_17_s390x.manylinux_2_28_s390x.whl", hash = "sha256:5fdec68f91a0c6739b380c83b951e2c72ac0197ace422360e6d5a959d8d97b2c", size = 844011, upload-time = "2025-09-25T21:32:15.21Z" },
    { url = "https://files.pythonhosted.org/packages/8b/9d/b3589d3877982d4f2329302ef98a8026e7f4443c765c46cfecc8858c6b4b/pyyaml-6.0.3-cp312-cp312-manylinux2014_x86_64.manylinux_2_17_x86_64.manylinux_2_28_x86_64.whl", hash = "sha256:ba1cc08a7ccde2d2ec775841541641e4548226580ab850948cbfda66a1befcdc", size = 807870, upload-time = "2025-09-25T21:32:16.431Z" },
    { url = "https://files.pythonhosted.org/packages/05/c0/b3be26a015601b822b97d9149ff8cb5ead58c66f981e04fedf4e762f4bd4/pyyaml-6.0.3-cp312-cp312-musllinux_1_2_aarch64.whl", hash = "sha256:8dc52c23056b9ddd46818a57b78404882310fb473d63f17b07d5c40421e47f8e", size = 761089, upload-time = "2025-09-25T21:32:17.56Z" },
    { url = "https://files.pythonhosted.org/packages/be/8e/98435a21d1d4b46590d5459a22d88128103f8da4c2d4cb8f14f2a96504e1/pyyaml-6.0.3-cp312-cp312-musllinux_1_2_x86_64.whl", hash = "sha256:41715c910c881bc081f1e8872880d3c650acf13dfa8214bad49ed4cede7c34ea", size = 790181, upload-time = "2025-09-25T21:32:18.834Z" },
    { url = "https://files.pythonhosted.org/packages/74/93/7baea19427dcfbe1e5a372d81473250b379f04b1bd3c4c5ff825e2327202/pyyaml-6.0.3-cp312-cp312-win32.whl", hash = "sha256:96b533f0e99f6579b3d4d4995707cf36df9100d67e0c8303a0c55b27b5f99bc5", size = 137658, upload-time = "2025-09-25T21:32:20.209Z" },
    { url = "https://files.pythonhosted.org/packages/86/bf/899e81e4cce32febab4fb42bb97dcdf66bc135272882d1987881a4b519e9/pyyaml-6.0.3-cp312-cp312-win_amd64.whl", hash = "sha256:5fcd34e47f6e0b794d17de1b4ff496c00986e1c83f7ab2fb8fcfe9616ff7477b", size = 154003, upload-time = "2025-09-25T21:32:21.167Z" },
    { url = "https://files.pythonhosted.org/packages/1a/08/67bd04656199bbb51dbed1439b7f27601dfb576fb864099c7ef0c3e55531/pyyaml-6.0.3-cp312-cp312-win_arm64.whl", hash = "sha256:64386e5e707d03a7e172c0701abfb7e10f0fb753ee1d773128192742712a98fd", size = 140344, upload-time = "2025-09-25T21:32:22.617Z" },
    { url = "https://files.pythonhosted.org/packages/d1/11/0fd08f8192109f7169db964b5707a2f1e8b745d4e239b784a5a1dd80d1db/pyyaml-6.0.3-cp313-cp313-macosx_10_13_x86_64.whl", hash = "sha256:8da9669d359f02c0b91ccc01cac4a67f16afec0dac22c2ad09f46bee0697eba8", size = 181669, upload-time = "2025-09-25T21:32:23.673Z" },
    { url = "https://files.pythonhosted.org/packages/b1/16/95309993f1d3748cd644e02e38b75d50cbc0d9561d21f390a76242ce073f/pyyaml-6.0.3-cp313-cp313-macosx_11_0_arm64.whl", hash = "sha256:2283a07e2c21a2aa78d9c4442724ec1eb15f5e42a723b99cb3d822d48f5f7ad1", size = 173252, upload-time = "2025-09-25T21:32:25.149Z" },
    { url = "https://files.pythonhosted.org/packages/50/31/b20f376d3f810b9b2371e72ef5adb33879b25edb7a6d072cb7ca0c486398/pyyaml-6.0.3-cp313-cp313-manylinux2014_aarch64.manylinux_2_17_aarch64.manylinux_2_28_aarch64.whl", hash = "sha256:ee2922902c45ae8ccada2c5b501ab86c36525b883eff4255313a253a3160861c", size = 767081, upload-time = "2025-09-25T21:32:26.575Z" },
    { url = "https://files.pythonhosted.org/packages/49/1e/a55ca81e949270d5d4432fbbd19dfea5321eda7c41a849d443dc92fd1ff7/pyyaml-6.0.3-cp313-cp313-manylinux2014_s390x.manylinux_2_17_s390x.manylinux_2_28_s390x.whl", hash = "sha256:a33284e20b78bd4a18c8c2282d549d10bc8408a2a7ff57653c0cf0b9be0afce5", size = 841159, upload-time = "2025-09-25T21:32:27.727Z" },
    { url = "https://files.pythonhosted.org/packages/74/27/e5b8f34d02d9995b80abcef563ea1f8b56d20134d8f4e5e81733b1feceb2/pyyaml-6.0.3-cp313-cp313-manylinux2014_x86_64.manylinux_2_17_x86_64.manylinux_2_28_x86_64.whl", hash = "sha256:0f29edc409a6392443abf94b9cf89ce99889a1dd5376d94316ae5145dfedd5d6", size = 801626, upload-time = "2025-09-25T21:32:28.878Z" },
    { url = "https://files.pythonhosted.org/packages/f9/11/ba845c23988798f40e52ba45f34849aa8a1f2d4af4b798588010792ebad6/pyyaml-6.0.3-cp313-cp313-musllinux_1_2_aarch64.whl", hash = "sha256:f7057c9a337546edc7973c0d3ba84ddcdf0daa14533c2065749c9075001090e6", size = 753613, upload-time = "2025-09-25T21:32:30.178Z" },
    { url = "https://files.pythonhosted.org/packages/3d/e0/7966e1a7bfc0a45bf0a7fb6b98ea03fc9b8d84fa7f2229e9659680b69ee3/pyyaml-6.0.3-cp313-cp313-musllinux_1_2_x86_64.whl", hash = "sha256:eda16858a3cab07b80edaf74336ece1f986ba330fdb8ee0d6c0d68fe82bc96be", size = 794115, upload-time = "2025-09-25T21:32:31.353Z" },
    { url = "https://files.pythonhosted.org/packages/de/94/980b50a6531b3019e45ddeada0626d45fa85cbe22300844a7983285bed3b/pyyaml-6.0.3-cp313-cp313-win32.whl", hash = "sha256:d0eae10f8159e8fdad514efdc92d74fd8d682c933a6dd088030f3834bc8e6b26", size = 137427, upload-time = "2025-09-25T21:32:32.58Z" },
    { url = "https://files.pythonhosted.org/packages/97/c9/39d5b874e8b28845e4ec2202b5da735d0199dbe5b8fb85f91398814a9a46/pyyaml-6.0.3-cp313-cp313-win_amd64.whl", hash = "sha256:79005a0d97d5ddabfeeea4cf676af11e647e41d81c9a7722a193022accdb6b7c", size = 154090, upload-time = "2025-09-25T21:32:33.659Z" },
    { url = "https://files.pythonhosted.org/packages/73/e8/2bdf3ca2090f68bb3d75b44da7bbc71843b19c9f2b9cb9b0f4ab7a5a4329/pyyaml-6.0.3-cp313-cp313-win_arm64.whl", hash = "sha256:5498cd1645aa724a7c71c8f378eb29ebe23da2fc0d7a08071d89469bf1d2defb", size = 140246, upload-time = "2025-09-25T21:32:34.663Z" },
    { url = "https://files.pythonhosted.org/packages/9d/8c/f4bd7f6465179953d3ac9bc44ac1a8a3e6122cf8ada906b4f96c60172d43/pyyaml-6.0.3-cp314-cp314-macosx_10_13_x86_64.whl", hash = "sha256:8d1fab6bb153a416f9aeb4b8763bc0f22a5586065f86f7664fc23339fc1c1fac", size = 181814, upload-time = "2025-09-25T21:32:35.712Z" },
    { url = "https://files.pythonhosted.org/packages/bd/9c/4d95bb87eb2063d20db7b60faa3840c1b18025517ae857371c4dd55a6b3a/pyyaml-6.0.3-cp314-cp314-macosx_11_0_arm64.whl", hash = "sha256:34d5fcd24b8445fadc33f9cf348c1047101756fd760b4dacb5c3e99755703310", size = 173809, upload-time = "2025-09-25T21:32:36.789Z" },
    { url = "https://files.pythonhosted.org/packages/92/b5/47e807c2623074914e29dabd16cbbdd4bf5e9b2db9f8090fa64411fc5382/pyyaml-6.0.3-cp314-cp314-manylinux2014_aarch64.manylinux_2_17_aarch64.manylinux_2_28_aarch64.whl", hash = "sha256:501a031947e3a9025ed4405a168e6ef5ae3126c59f90ce0cd6f2bfc477be31b7", size = 766454, upload-time = "2025-09-25T21:32:37.966Z" },
    { url = "https://files.pythonhosted.org/packages/02/9e/e5e9b168be58564121efb3de6859c452fccde0ab093d8438905899a3a483/pyyaml-6.0.3-cp314-cp314-manylinux2014_s390x.manylinux_2_17_s390x.manylinux_2_28_s390x.whl", hash = "sha256:b3bc83488de33889877a0f2543ade9f70c67d66d9ebb4ac959502e12de895788", size = 836355, upload-time = "2025-09-25T21:32:39.178Z" },
    { url = "https://files.pythonhosted.org/packages/88/f9/16491d7ed2a919954993e48aa941b200f38040928474c9e85ea9e64222c3/pyyaml-6.0.3-cp314-cp314-manylinux2014_x86_64.manylinux_2_17_x86_64.manylinux_2_28_x86_64.whl", hash = "sha256:c458b6d084f9b935061bc36216e8a69a7e293a2f1e68bf956dcd9e6cbcd143f5", size = 794175, upload-time = "2025-09-25T21:32:40.865Z" },
    { url = "https://files.pythonhosted.org/packages/dd/3f/5989debef34dc6397317802b527dbbafb2b4760878a53d4166579111411e/pyyaml-6.0.3-cp314-cp314-musllinux_1_2_aarch64.whl", hash = "sha256:7c6610def4f163542a622a73fb39f534f8c101d690126992300bf3207eab9764", size = 755228, upload-time = "2025-09-25T21:32:42.084Z" },
    { url = "https://files.pythonhosted.org/packages/d7/ce/af88a49043cd2e265be63d083fc75b27b6ed062f5f9fd6cdc223ad62f03e/pyyaml-6.0.3-cp314-cp314-musllinux_1_2_x86_64.whl", hash = "sha256:5190d403f121660ce8d1d2c1bb2ef1bd05b5f68533fc5c2ea899bd15f4399b35", size = 789194, upload-time = "2025-09-25T21:32:43.362Z" },
    { url = "https://files.pythonhosted.org/packages/23/20/bb6982b26a40bb43951265ba29d4c246ef0ff59c9fdcdf0ed04e0687de4d/pyyaml-6.0.3-cp314-cp314-win_amd64.whl", hash = "sha256:4a2e8cebe2ff6ab7d1050ecd59c25d4c8bd7e6f400f5f82b96557ac0abafd0ac", size = 156429, upload-time = "2025-09-25T21:32:57.844Z" },
    { url = "https://files.pythonhosted.org/packages/f4/f4/a4541072bb9422c8a883ab55255f918fa378ecf083f5b85e87fc2b4eda1b/pyyaml-6.0.3-cp314-cp314-win_arm64.whl", hash = "sha256:93dda82c9c22deb0a405ea4dc5f2d0cda384168e466364dec6255b293923b2f3", size = 143912, upload-time = "2025-09-25T21:32:59.247Z" },
    { url = "https://files.pythonhosted.org/packages/7c/f9/07dd09ae774e4616edf6cda684ee78f97777bdd15847253637a6f052a62f/pyyaml-6.0.3-cp314-cp314t-macosx_10_13_x86_64.whl", hash = "sha256:02893d100e99e03eda1c8fd5c441d8c60103fd175728e23e431db1b589cf5ab3", size = 189108, upload-time = "2025-09-25T21:32:44.377Z" },
    { url = "https://files.pythonhosted.org/packages/4e/78/8d08c9fb7ce09ad8c38ad533c1191cf27f7ae1effe5bb9400a46d9437fcf/pyyaml-6.0.3-cp314-cp314t-macosx_11_0_arm64.whl", hash = "sha256:c1ff362665ae507275af2853520967820d9124984e0f7466736aea23d8611fba", size = 183641, upload-time = "2025-09-25T21:32:45.407Z" },
    { url = "https://files.pythonhosted.org/packages/7b/5b/3babb19104a46945cf816d047db2788bcaf8c94527a805610b0289a01c6b/pyyaml-6.0.3-cp314-cp314t-manylinux2014_aarch64.manylinux_2_17_aarch64.manylinux_2_28_aarch64.whl", hash = "sha256:6adc77889b628398debc7b65c073bcb99c4a0237b248cacaf3fe8a557563ef6c", size = 831901, upload-time = "2025-09-25T21:32:48.83Z" },
    { url = "https://files.pythonhosted.org/packages/8b/cc/dff0684d8dc44da4d22a13f35f073d558c268780ce3c6ba1b87055bb0b87/pyyaml-6.0.3-cp314-cp314t-manylinux2014_s390x.manylinux_2_17_s390x.manylinux_2_28_s390x.whl", hash = "sha256:a80cb027f6b349846a3bf6d73b5e95e782175e52f22108cfa17876aaeff93702", size = 861132, upload-time = "2025-09-25T21:32:50.149Z" },
    { url = "https://files.pythonhosted.org/packages/b1/5e/f77dc6b9036943e285ba76b49e118d9ea929885becb0a29ba8a7c75e29fe/pyyaml-6.0.3-cp314-cp314t-manylinux2014_x86_64.manylinux_2_17_x86_64.manylinux_2_28_x86_64.whl", hash = "sha256:00c4bdeba853cc34e7dd471f16b4114f4162dc03e6b7afcc2128711f0eca823c", size = 839261, upload-time = "2025-09-25T21:32:51.808Z" },
    { url = "https://files.pythonhosted.org/packages/ce/88/a9db1376aa2a228197c58b37302f284b5617f56a5d959fd1763fb1675ce6/pyyaml-6.0.3-cp314-cp314t-musllinux_1_2_aarch64.whl", hash = "sha256:66e1674c3ef6f541c35191caae2d429b967b99e02040f5ba928632d9a7f0f065", size = 805272, upload-time = "2025-09-25T21:32:52.941Z" },
    { url = "https://files.pythonhosted.org/packages/da/92/1446574745d74df0c92e6aa4a7b0b3130706a4142b2d1a5869f2eaa423c6/pyyaml-6.0.3-cp314-cp314t-musllinux_1_2_x86_64.whl", hash = "sha256:16249ee61e95f858e83976573de0f5b2893b3677ba71c9dd36b9cf8be9ac6d65", size = 829923, upload-time = "2025-09-25T21:32:54.537Z" },
    { url = "https://files.pythonhosted.org/packages/f0/7a/1c7270340330e575b92f397352af856a8c06f230aa3e76f86b39d01b416a/pyyaml-6.0.3-cp314-cp314t-win_amd64.whl", hash = "sha256:4ad1906908f2f5ae4e5a8ddfce73c320c2a1429ec52eafd27138b7f1cbe341c9", size = 174062, upload-time = "2025-09-25T21:32:55.767Z" },
    { url = "https://files.pythonhosted.org/packages/f1/12/de94a39c2ef588c7e6455cfbe7343d3b2dc9d6b6b2f40c4c6565744c873d/pyyaml-6.0.3-cp314-cp314t-win_arm64.whl", hash = "sha256:ebc55a14a21cb14062aa4162f906cd962b28e2e9ea38f9b4391244cd8de4ae0b", size = 149341, upload-time = "2025-09-25T21:32:56.828Z" },
]

[[package]]
name = "rich"
version = "15.0.0"
source = { registry = "https://pypi.org/simple" }
dependencies = [
    { name = "markdown-it-py" },
    { name = "pygments" },
]
sdist = { url = "https://files.pythonhosted.org/packages/c0/8f/0722ca900cc807c13a6a0c696dacf35430f72e0ec571c4275d2371fca3e9/rich-15.0.0.tar.gz", hash = "sha256:edd07a4824c6b40189fb7ac9bc4c52536e9780fbbfbddf6f1e2502c31b068c36", size = 230680, upload-time = "2026-04-12T08:24:00.75Z" }
wheels = [
    { url = "https://files.pythonhosted.org/packages/82/3b/64d4899d73f91ba49a8c18a8ff3f0ea8f1c1d75481760df8c68ef5235bf5/rich-15.0.0-py3-none-any.whl", hash = "sha256:33bd4ef74232fb73fe9279a257718407f169c09b78a87ad3d296f548e27de0bb", size = 310654, upload-time = "2026-04-12T08:24:02.83Z" },
]

[[package]]
name = "sortedcontainers"
version = "2.4.0"
source = { registry = "https://pypi.org/simple" }
sdist = { url = "https://files.pythonhosted.org/packages/e8/c4/ba2f8066cceb6f23394729afe52f3bf7adec04bf9ed2c820b39e19299111/sortedcontainers-2.4.0.tar.gz", hash = "sha256:25caa5a06cc30b6b83d11423433f65d1f9d76c4c6a0c90e3379eaa43b9bfdb88", size = 30594, upload-time = "2021-05-16T22:03:42.897Z" }
wheels = [
    { url = "https://files.pythonhosted.org/packages/32/46/9cb0e58b2deb7f82b84065f37f3bffeb12413f947f9388e4cac22c4621ce/sortedcontainers-2.4.0-py2.py3-none-any.whl", hash = "sha256:a163dcaede0f1c021485e957a39245190e74249897e2ae4b2aa38595db237ee0", size = 29575, upload-time = "2021-05-16T22:03:41.177Z" },
]
